
Microsoft Visual Studio Solution File, Format Version 12.00
# Visual Studio Version 16
VisualStudioVersion = 16.0.32602.291
MinimumVisualStudioVersion = 10.0.40219.1
Project("{FAE04EC0-301F-11D3-BF4B-00C04F79EFBC}") = "DatabaseFirst_EF", "DatabaseFirst_EF\DatabaseFirst_EF.csproj", "{0A84B4B8-73D5-4E17-834E-8C06826EC66C}"
EndProject
Global
	GlobalSection(SolutionConfigurationPlatforms) = preSolution
		Debug|Any CPU = Debug|Any CPU
		Release|Any CPU = Release|Any CPU
	EndGlobalSection
	GlobalSection(ProjectConfigurationPlatforms) = postSolution
		{0A84B4B8-73D5-4E17-834E-8C06826EC66C}.Debug|Any CPU.ActiveCfg = Debug|Any CPU
		{0A84B4B8-73D5-4E17-834E-8C06826EC66C}.Debug|Any CPU.Build.0 = Debug|Any CPU
		{0A84B4B8-73D5-4E17-834E-8C06826EC66C}.Release|Any CPU.ActiveCfg = Release|Any CPU
		{0A84B4B8-73D5-4E17-834E-8C06826EC66C}.Release|Any CPU.Build.0 = Release|Any CPU
	EndGlobalSection
	GlobalSection(SolutionProperties) = preSolution
		HideSolutionNode = FALSE
	EndGlobalSection
	GlobalSection(ExtensibilityGlobals) = postSolution
		SolutionGuid = {0696233B-5FAC-49B4-8992-11266B4B2024}
	EndGlobalSection
EndGlobal
